
Microsoft Visual Studio Solution File, Format Version 12.00
Project("{FAE04EC0-301F-11D3-BF4B-00C04F79EFBC}") = "StudentManagement", "StudentManagement\StudentManagement.csproj", "{A58FBBB3-AF16-4F75-A032-50232ECC615F}"
EndProject
Global
	GlobalSection(SolutionConfigurationPlatforms) = preSolution
		Debug|Any CPU = Debug|Any CPU
		Release|Any CPU = Release|Any CPU
	EndGlobalSection
	GlobalSection(ProjectConfigurationPlatforms) = postSolution
		{A58FBBB3-AF16-4F75-A032-50232ECC615F}.Debug|Any CPU.ActiveCfg = Debug|Any CPU
		{A58FBBB3-AF16-4F75-A032-50232ECC615F}.Debug|Any CPU.Build.0 = Debug|Any CPU
		{A58FBBB3-AF16-4F75-A032-50232ECC615F}.Release|Any CPU.ActiveCfg = Release|Any CPU
		{A58FBBB3-AF16-4F75-A032-50232ECC615F}.Release|Any CPU.Build.0 = Release|Any CPU
	EndGlobalSection
EndGlobal
